{
  "name": "it-vision-web",
  "version": "0.0.1",
  "lockfileVersion": 2,
  "requires": true,
  "packages": {
    "": {
      "name": "it-vision-web",
      "version": "0.0.1",
      "license": "ISC",
      "dependencies": {
        "@picocss/pico": "^1.5.7"
      }
    },
    "node_modules/@picocss/pico": {
      "version": "1.5.7",
      "resolved": "https://registry.npmjs.org/@picocss/pico/-/pico-1.5.7.tgz",
      "integrity": "sha512-RygdXNlSXieAs9jMw/AeqA1ki1kldgEYbRn8BnYZIPfRTM5NWZ4uVzMK6uMPhYlRjoT5wD/OplZvIefnCqyDCQ=="
    }
  },
  "dependencies": {
    "@picocss/pico": {
      "version": "1.5.7",
      "resolved": "https://registry.npmjs.org/@picocss/pico/-/pico-1.5.7.tgz",
      "integrity": "sha512-RygdXNlSXieAs9jMw/AeqA1ki1kldgEYbRn8BnYZIPfRTM5NWZ4uVzMK6uMPhYlRjoT5wD/OplZvIefnCqyDCQ=="
    }
  }
}
